PODS:
  - AEXML (4.4.0)
  - CocoaAsyncSocket (7.6.3)
  - SnapKit (5.0.0)

DEPENDENCIES:
  - AEXML
  - CocoaAsyncSocket
  - SnapKit (~> 5.0.0)

SPEC REPOS:
  https://github.com/cocoapods/specs.git:
    - AEXML
    - CocoaAsyncSocket
    - SnapKit

SPEC CHECKSUMS:
  AEXML: 16fb739dfb3809e91ebf9e9dc391482c3a6aaebf
  CocoaAsyncSocket: eafaa68a7e0ec99ead0a7b35015e0bf25d2c8987
  SnapKit: fd22d10eb9aff484d79a8724eab922c1ddf89bcf

PODFILE CHECKSUM: 6331dc55d06631ece8ea042d6715dff5cf82b056

COCOAPODS: 1.5.3
