// !$*UTF8*$!
{
	archiveVersion = 1;
	classes = {
	};
	objectVersion = 50;
	objects = {

/* Begin PBXBuildFile section */
		706801DA91803CD085982B71 /* Pods_WProjection.framework in Frameworks */ = {isa = PBXBuildFile; fileRef = D37295471C2FC4BF31E8D518 /* Pods_WProjection.framework */; };
		77C917FC2302524F003B0579 /* AppDelegate.swift in Sources */ = {isa = PBXBuildFile; fileRef = 77C917FB2302524F003B0579 /* AppDelegate.swift */; };
		77C917FE2302524F003B0579 /* ViewController.swift in Sources */ = {isa = PBXBuildFile; fileRef = 77C917FD2302524F003B0579 /* ViewController.swift */; };
		77C918012302524F003B0579 /* Main.storyboard in Resources */ = {isa = PBXBuildFile; fileRef = 77C917FF2302524F003B0579 /* Main.storyboard */; };
		77C9180323025250003B0579 /* Assets.xcassets in Resources */ = {isa = PBXBuildFile; fileRef = 77C9180223025250003B0579 /* Assets.xcassets */; };
		77C9180623025250003B0579 /* LaunchScreen.storyboard in Resources */ = {isa = PBXBuildFile; fileRef = 77C9180423025250003B0579 /* LaunchScreen.storyboard */; };
/* End PBXBuildFile section */

/* Begin PBXFileReference section */
		3E4A60104457E2CE192EEA9A /* Pods-WProjection.debug.xcconfig */ = {isa = PBXFileReference; includeInIndex = 1; lastKnownFileType = text.xcconfig; name = "Pods-WProjection.debug.xcconfig"; path = "Pods/Target Support Files/Pods-WProjection/Pods-WProjection.debug.xcconfig"; sourceTree = "<group>"; };
		5EE167196248846BBC3C0E7B /* Pods-WProjection.release.xcconfig */ = {isa = PBXFileReference; includeInIndex = 1; lastKnownFileType = text.xcconfig; name = "Pods-WProjection.release.xcconfig"; path = "Pods/Target Support Files/Pods-WProjection/Pods-WProjection.release.xcconfig"; sourceTree = "<group>"; };
		77C917F82302524F003B0579 /* WProjection.app */ = {isa = PBXFileReference; explicitFileType = wrapper.application; includeInIndex = 0; path = WProjection.app; sourceTree = BUILT_PRODUCTS_DIR; };
		77C917FB2302524F003B0579 /* AppDelegate.swift */ = {isa = PBXFileReference; lastKnownFileType = sourcecode.swift; path = AppDelegate.swift; sourceTree = "<group>"; };
		77C917FD2302524F003B0579 /* ViewController.swift */ = {isa = PBXFileReference; lastKnownFileType = sourcecode.swift; path = ViewController.swift; sourceTree = "<group>"; };
		77C918002302524F003B0579 /* Base */ = {isa = PBXFileReference; lastKnownFileType = file.storyboard; name = Base; path = Base.lproj/Main.storyboard; sourceTree = "<group>"; };
		77C9180223025250003B0579 /* Assets.xcassets */ = {isa = PBXFileReference; lastKnownFileType = folder.assetcatalog; path = Assets.xcassets; sourceTree = "<group>"; };
		77C9180523025250003B0579 /* Base */ = {isa = PBXFileReference; lastKnownFileType = file.storyboard; name = Base; path = Base.lproj/LaunchScreen.storyboard; sourceTree = "<group>"; };
		77C9180723025250003B0579 /* Info.plist */ = {isa = PBXFileReference; lastKnownFileType = text.plist.xml; path = Info.plist; sourceTree = "<group>"; };
		D37295471C2FC4BF31E8D518 /* Pods_WProjection.framework */ = {isa = PBXFileReference; explicitFileType = wrapper.framework; includeInIndex = 0; path = Pods_WProjection.framework; sourceTree = BUILT_PRODUCTS_DIR; };
/* End PBXFileReference section */

/* Begin PBXFrameworksBuildPhase section */
		77C917F52302524F003B0579 /* Frameworks */ = {
			isa = PBXFrameworksBuildPhase;
			buildActionMask = 2147483647;
			files = (
				706801DA91803CD085982B71 /* Pods_WProjection.framework in Frameworks */,
			);
			runOnlyForDeploymentPostprocessing = 0;
		};
/* End PBXFrameworksBuildPhase section */

/* Begin PBXGroup section */
		0C5DD429569901915CE54A12 /* Frameworks */ = {
			isa = PBXGroup;
			children = (
				D37295471C2FC4BF31E8D518 /* Pods_WProjection.framework */,
			);
			name = Frameworks;
			sourceTree = "<group>";
		};
		77C917EF2302524F003B0579 = {
			isa = PBXGroup;
			children = (
				77C917FA2302524F003B0579 /* WProjection */,
				77C917F92302524F003B0579 /* Products */,
				B038D03D446EE7CEEB5E58E7 /* Pods */,
				0C5DD429569901915CE54A12 /* Frameworks */,
			);
			sourceTree = "<group>";
		};
		77C917F92302524F003B0579 /* Products */ = {
			isa = PBXGroup;
			children = (
				77C917F82302524F003B0579 /* WProjection.app */,
			);
			name = Products;
			sourceTree = "<group>";
		};
		77C917FA2302524F003B0579 /* WProjection */ = {
			isa = PBXGroup;
			children = (
				77C917FB2302524F003B0579 /* AppDelegate.swift */,
				77C917FD2302524F003B0579 /* ViewController.swift */,
				77C917FF2302524F003B0579 /* Main.storyboard */,
				77C9180223025250003B0579 /* Assets.xcassets */,
				77C9180423025250003B0579 /* LaunchScreen.storyboard */,
				77C9180723025250003B0579 /* Info.plist */,
			);
			path = WProjection;
			sourceTree = "<group>";
		};
		B038D03D446EE7CEEB5E58E7 /* Pods */ = {
			isa = PBXGroup;
			children = (
				3E4A60104457E2CE192EEA9A /* Pods-WProjection.debug.xcconfig */,
				5EE167196248846BBC3C0E7B /* Pods-WProjection.release.xcconfig */,
			);
			name = Pods;
			sourceTree = "<group>";
		};
/* End PBXGroup section */

/* Begin PBXNativeTarget section */
		77C917F72302524F003B0579 /* WProjection */ = {
			isa = PBXNativeTarget;
			buildConfigurationList = 77C9180A23025250003B0579 /* Build configuration list for PBXNativeTarget "WProjection" */;
			buildPhases = (
				FCC45928E97A66AD4692A38E /* [CP] Check Pods Manifest.lock */,
				77C917F42302524F003B0579 /* Sources */,
				77C917F52302524F003B0579 /* Frameworks */,
				77C917F62302524F003B0579 /* Resources */,
			);
			buildRules = (
			);
			dependencies = (
			);
			name = WProjection;
			productName = WProjection;
			productReference = 77C917F82302524F003B0579 /* WProjection.app */;
			productType = "com.apple.product-type.application";
		};
/* End PBXNativeTarget section */

/* Begin PBXProject section */
		77C917F02302524F003B0579 /* Project object */ = {
			isa = PBXProject;
			attributes = {
				LastSwiftUpdateCheck = 1030;
				LastUpgradeCheck = 1030;
				ORGANIZATIONNAME = wushhhhhh;
				TargetAttributes = {
					77C917F72302524F003B0579 = {
						CreatedOnToolsVersion = 10.3;
					};
				};
			};
			buildConfigurationList = 77C917F32302524F003B0579 /* Build configuration list for PBXProject "WProjection" */;
			compatibilityVersion = "Xcode 9.3";
			developmentRegion = en;
			hasScannedForEncodings = 0;
			knownRegions = (
				en,
				Base,
			);
			mainGroup = 77C917EF2302524F003B0579;
			productRefGroup = 77C917F92302524F003B0579 /* Products */;
			projectDirPath = "";
			projectRoot = "";
			targets = (
				77C917F72302524F003B0579 /* WProjection */,
			);
		};
/* End PBXProject section */

/* Begin PBXResourcesBuildPhase section */
		77C917F62302524F003B0579 /* Resources */ = {
			isa = PBXResourcesBuildPhase;
			buildActionMask = 2147483647;
			files = (
				77C9180623025250003B0579 /* LaunchScreen.storyboard in Resources */,
				77C9180323025250003B0579 /* Assets.xcassets in Resources */,
				77C918012302524F003B0579 /* Main.storyboard in Resources */,
			);
			runOnlyForDeploymentPostprocessing = 0;
		};
/* End PBXResourcesBuildPhase section */

/* Begin PBXShellScriptBuildPhase section */
		FCC45928E97A66AD4692A38E /* [CP] Check Pods Manifest.lock */ = {
			isa = PBXShellScriptBuildPhase;
			buildActionMask = 2147483647;
			files = (
			);
			inputPaths = (
				"${PODS_PODFILE_DIR_PATH}/Podfile.lock",
				"${PODS_ROOT}/Manifest.lock",
			);
			name = "[CP] Check Pods Manifest.lock";
			outputPaths = (
				"$(DERIVED_FILE_DIR)/Pods-WProjection-checkManifestLockResult.txt",
			);
			runOnlyForDeploymentPostprocessing = 0;
			shellPath = /bin/sh;
			shellScript = "diff \"${PODS_PODFILE_DIR_PATH}/Podfile.lock\" \"${PODS_ROOT}/Manifest.lock\" > /dev/null\nif [ $? != 0 ] ; then\n    # print error to STDERR\n    echo \"error: The sandbox is not in sync with the Podfile.lock. Run 'pod install' or update your CocoaPods installation.\" >&2\n    exit 1\nfi\n# This output is used by Xcode 'outputs' to avoid re-running this script phase.\necho \"SUCCESS\" > \"${SCRIPT_OUTPUT_FILE_0}\"\n";
			showEnvVarsInLog = 0;
		};
/* End PBXShellScriptBuildPhase section */

/* Begin PBXSourcesBuildPhase section */
		77C917F42302524F003B0579 /* Sources */ = {
			isa = PBXSourcesBuildPhase;
			buildActionMask = 2147483647;
			files = (
				77C917FE2302524F003B0579 /* ViewController.swift in Sources */,
				77C917FC2302524F003B0579 /* AppDelegate.swift in Sources */,
			);
			runOnlyForDeploymentPostprocessing = 0;
		};
/* End PBXSourcesBuildPhase section */

/* Begin PBXVariantGroup section */
		77C917FF2302524F003B0579 /* Main.storyboard */ = {
			isa = PBXVariantGroup;
			children = (
				77C918002302524F003B0579 /* Base */,
			);
			name = Main.storyboard;
			sourceTree = "<group>";
		};
		77C9180423025250003B0579 /* LaunchScreen.storyboard */ = {
			isa = PBXVariantGroup;
			children = (
				77C9180523025250003B0579 /* Base */,
			);
			name = LaunchScreen.storyboard;
			sourceTree = "<group>";
		};
/* End PBXVariantGroup section */

/* Begin XCBuildConfiguration section */
		77C9180823025250003B0579 /* Debug */ = {
			isa = XCBuildConfiguration;
			buildSettings = {
				ALWAYS_SEARCH_USER_PATHS = NO;
				CLANG_ANALYZER_NONNULL = YES;
				CLANG_ANALYZER_NUMBER_OBJECT_CONVERSION = YES_AGGRESSIVE;
				CLANG_CXX_LANGUAGE_STANDARD = "gnu++14";
				CLANG_CXX_LIBRARY = "libc++";
				CLANG_ENABLE_MODULES = YES;
				CLANG_ENABLE_OBJC_ARC = YES;
				CLANG_ENABLE_OBJC_WEAK = YES;
				CLANG_WARN_BLOCK_CAPTURE_AUTORELEASING = YES;
				CLANG_WARN_BOOL_CONVERSION = YES;
				CLANG_WARN_COMMA = YES;
				CLANG_WARN_CONSTANT_CONVERSION = YES;
				CLANG_WARN_DEPRECATED_OBJC_IMPLEMENTATIONS = YES;
				CLANG_WARN_DIRECT_OBJC_ISA_USAGE = YES_ERROR;
				CLANG_WARN_DOCUMENTATION_COMMENTS = YES;
				CLANG_WARN_EMPTY_BODY = YES;
				CLANG_WARN_ENUM_CONVERSION = YES;
				CLANG_WARN_INFINITE_RECURSION = YES;
				CLANG_WARN_INT_CONVERSION = YES;
				CLANG_WARN_NON_LITERAL_NULL_CONVERSION = YES;
				CLANG_WARN_OBJC_IMPLICIT_RETAIN_SELF = YES;
				CLANG_WARN_OBJC_LITERAL_CONVERSION = YES;
				CLANG_WARN_OBJC_ROOT_CLASS = YES_ERROR;
				CLANG_WARN_RANGE_LOOP_ANALYSIS = YES;
				CLANG_WARN_STRICT_PROTOTYPES = YES;
				CLANG_WARN_SUSPICIOUS_MOVE = YES;
				CLANG_WARN_UNGUARDED_AVAILABILITY = YES_AGGRESSIVE;
				CLANG_WARN_UNREACHABLE_CODE = YES;
				CLANG_WARN__DUPLICATE_METHOD_MATCH = YES;
				CODE_SIGN_IDENTITY = "iPhone Developer";
				COPY_PHASE_STRIP = NO;
				DEBUG_INFORMATION_FORMAT = dwarf;
				ENABLE_STRICT_OBJC_MSGSEND = YES;
				ENABLE_TESTABILITY = YES;
				GCC_C_LANGUAGE_STANDARD = gnu11;
				GCC_DYNAMIC_NO_PIC = NO;
				GCC_NO_COMMON_BLOCKS = YES;
				GCC_OPTIMIZATION_LEVEL = 0;
				GCC_PREPROCESSOR_DEFINITIONS = (
					"DEBUG=1",
					"$(inherited)",
				);
				GCC_WARN_64_TO_32_BIT_CONVERSION = YES;
				GCC_WARN_ABOUT_RETURN_TYPE = YES_ERROR;
				GCC_WARN_UNDECLARED_SELECTOR = YES;
				GCC_WARN_UNINITIALIZED_AUTOS = YES_AGGRESSIVE;
				GCC_WARN_UNUSED_FUNCTION = YES;
				GCC_WARN_UNUSED_VARIABLE = YES;
				IPHONEOS_DEPLOYMENT_TARGET = 12.4;
				MTL_ENABLE_DEBUG_INFO = INCLUDE_SOURCE;
				MTL_FAST_MATH = YES;
				ONLY_ACTIVE_ARCH = YES;
				SDKROOT = iphoneos;
				SWIFT_ACTIVE_COMPILATION_CONDITIONS = DEBUG;
				SWIFT_OPTIMIZATION_LEVEL = "-Onone";
			};
			name = Debug;
		};
		77C9180923025250003B0579 /* Release */ = {
			isa = XCBuildConfiguration;
			buildSettings = {
				ALWAYS_SEARCH_USER_PATHS = NO;
				CLANG_ANALYZER_NONNULL = YES;
				CLANG_ANALYZER_NUMBER_OBJECT_CONVERSION = YES_AGGRESSIVE;
				CLANG_CXX_LANGUAGE_STANDARD = "gnu++14";
				CLANG_CXX_LIBRARY = "libc++";
				CLANG_ENABLE_MODULES = YES;
				CLANG_ENABLE_OBJC_ARC = YES;
				CLANG_ENABLE_OBJC_WEAK = YES;
				CLANG_WARN_BLOCK_CAPTURE_AUTORELEASING = YES;
				CLANG_WARN_BOOL_CONVERSION = YES;
				CLANG_WARN_COMMA = YES;
				CLANG_WARN_CONSTANT_CONVERSION = YES;
				CLANG_WARN_DEPRECATED_OBJC_IMPLEMENTATIONS = YES;
				CLANG_WARN_DIRECT_OBJC_ISA_USAGE = YES_ERROR;
				CLANG_WARN_DOCUMENTATION_COMMENTS = YES;
				CLANG_WARN_EMPTY_BODY = YES;
				CLANG_WARN_ENUM_CONVERSION = YES;
				CLANG_WARN_INFINITE_RECURSION = YES;
				CLANG_WARN_INT_CONVERSION = YES;
				CLANG_WARN_NON_LITERAL_NULL_CONVERSION = YES;
				CLANG_WARN_OBJC_IMPLICIT_RETAIN_SELF = YES;
				CLANG_WARN_OBJC_LITERAL_CONVERSION = YES;
				CLANG_WARN_OBJC_ROOT_CLASS = YES_ERROR;
				CLANG_WARN_RANGE_LOOP_ANALYSIS = YES;
				CLANG_WARN_STRICT_PROTOTYPES = YES;
				CLANG_WARN_SUSPICIOUS_MOVE = YES;
				CLANG_WARN_UNGUARDED_AVAILABILITY = YES_AGGRESSIVE;
				CLANG_WARN_UNREACHABLE_CODE = YES;
				CLANG_WARN__DUPLICATE_METHOD_MATCH = YES;
				CODE_SIGN_IDENTITY = "iPhone Developer";
				COPY_PHASE_STRIP = NO;
				DEBUG_INFORMATION_FORMAT = "dwarf-with-dsym";
				ENABLE_NS_ASSERTIONS = NO;
				ENABLE_STRICT_OBJC_MSGSEND = YES;
				GCC_C_LANGUAGE_STANDARD = gnu11;
				GCC_NO_COMMON_BLOCKS = YES;
				GCC_WARN_64_TO_32_BIT_CONVERSION = YES;
				GCC_WARN_ABOUT_RETURN_TYPE = YES_ERROR;
				GCC_WARN_UNDECLARED_SELECTOR = YES;
				GCC_WARN_UNINITIALIZED_AUTOS = YES_AGGRESSIVE;
				GCC_WARN_UNUSED_FUNCTION = YES;
				GCC_WARN_UNUSED_VARIABLE = YES;
				IPHONEOS_DEPLOYMENT_TARGET = 12.4;
				MTL_ENABLE_DEBUG_INFO = NO;
				MTL_FAST_MATH = YES;
				SDKROOT = iphoneos;
				SWIFT_COMPILATION_MODE = wholemodule;
				SWIFT_OPTIMIZATION_LEVEL = "-O";
				VALIDATE_PRODUCT = YES;
			};
			name = Release;
		};
		77C9180B23025250003B0579 /* Debug */ = {
			isa = XCBuildConfiguration;
			baseConfigurationReference = 3E4A60104457E2CE192EEA9A /* Pods-WProjection.debug.xcconfig */;
			buildSettings = {
				ASSETCATALOG_COMPILER_APPICON_NAME = AppIcon;
				CODE_SIGN_STYLE = Automatic;
				DEVELOPMENT_TEAM = 82KL4YM2V6;
				INFOPLIST_FILE = WProjection/Info.plist;
				LD_RUNPATH_SEARCH_PATHS = (
					"$(inherited)",
					"@executable_path/Frameworks",
				);
				PRODUCT_BUNDLE_IDENTIFIER = com.wushhhhhh.ios.WProjection;
				PRODUCT_NAME = "$(TARGET_NAME)";
				SWIFT_VERSION = 5.0;
				TARGETED_DEVICE_FAMILY = "1,2";
			};
			name = Debug;
		};
		77C9180C23025250003B0579 /* Release */ = {
			isa = XCBuildConfiguration;
			baseConfigurationReference = 5EE167196248846BBC3C0E7B /* Pods-WProjection.release.xcconfig */;
			buildSettings = {
				ASSETCATALOG_COMPILER_APPICON_NAME = AppIcon;
				CODE_SIGN_STYLE = Automatic;
				DEVELOPMENT_TEAM = 82KL4YM2V6;
				INFOPLIST_FILE = WProjection/Info.plist;
				LD_RUNPATH_SEARCH_PATHS = (
					"$(inherited)",
					"@executable_path/Frameworks",
				);
				PRODUCT_BUNDLE_IDENTIFIER = com.wushhhhhh.ios.WProjection;
				PRODUCT_NAME = "$(TARGET_NAME)";
				SWIFT_VERSION = 5.0;
				TARGETED_DEVICE_FAMILY = "1,2";
			};
			name = Release;
		};
/* End XCBuildConfiguration section */

/* Begin XCConfigurationList section */
		77C917F32302524F003B0579 /* Build configuration list for PBXProject "WProjection" */ = {
			isa = XCConfigurationList;
			buildConfigurations = (
				77C9180823025250003B0579 /* Debug */,
				77C9180923025250003B0579 /* Release */,
			);
			defaultConfigurationIsVisible = 0;
			defaultConfigurationName = Release;
		};
		77C9180A23025250003B0579 /* Build configuration list for PBXNativeTarget "WProjection" */ = {
			isa = XCConfigurationList;
			buildConfigurations = (
				77C9180B23025250003B0579 /* Debug */,
				77C9180C23025250003B0579 /* Release */,
			);
			defaultConfigurationIsVisible = 0;
			defaultConfigurationName = Release;
		};
/* End XCConfigurationList section */
	};
	rootObject = 77C917F02302524F003B0579 /* Project object */;
}
